{
    "_meta": {
        "hash": {
            "sha256": "b229b69076b31923d8e616641e23d7025312f55fd857d9f2a44af6166d42cc8f"
        },
        "pipfile-spec": 6,
        "requires": {
            "python_version": "3.7.3"
        },
        "sources": [
            {
                "name": "pypi",
                "url": "https://pypi.python.org/simple",
                "verify_ssl": true
            }
        ]
    },
    "default": {
        "argon2-cffi": {
            "hashes": [
                "sha256:1029fef2f7808a89e3baa306f5ace36e768a2d847ee7b056399adcd7707f6256",
                "sha256:206857d870c6ca3c92514ca70a3c371be47383f7ae6a448f5a16aa17baa550ba",
                "sha256:3558a7e22b886efad0c99b23b9be24880213b4e2d1630095459978cfcae570e2",
                "sha256:457fd6de741859aa91c750ffad97f12675c4356047e43392c5fb21f5d9f48b24",
                "sha256:4a1daa9f6960cdbdb865efcabac4158693459f52e7582c9f8a7c92dc61cdc8e1",
                "sha256:4bfb603184ea678563c0f1f1872367e81a3d2b70646a627d38ccede68d7b9194",
                "sha256:5d7493ed10e384b84b6dac862fe96c443297a25b991a8364d94a67b6cd1e9569",
                "sha256:5fb080047517add8d27baeb38a314814b5ab9c72630606788909b3f60a8f054a",
                "sha256:7453b16496b5629005a43c5f5707ef8a31fcfa5bb0ed34b5ba7b86a3cc9d02f2",
                "sha256:81548a27b919861040cb928a350733f4f9455dd67c7d1ba92eb5960a1d7f8b26",
                "sha256:84fd768d523f87097d572cdfb98e868cdbdc8e80e3d444787fd32e7f6ae25b02",
                "sha256:8b4cf6c0298f33b92fcd50f19899175b7421690fc8bc6ac68368320c158cbf51",
                "sha256:af6a4799411eee3f7133fead973727f5fefacd18ea23f51039e70cae51ceb109",
                "sha256:df7d60a4cf58dc08319fedc0506b42ec0fa5221c6e1f9e2e89fcddff92507390",
                "sha256:f9072e9f70185a57e36228d34aad4bb644e6a8b4fd6a45f856c666f38f6de96c",
                "sha256:fbae1d08b52f9a791500c650ab51ba00e374eaeccb5dbaa41b99dab4fd4115e8",
                "sha256:fe91e3bd95aeae70366693dcc970db03a71619d19df6fbaabf662c3b3c54cdf8",
                "sha256:fec86ee6f913154846171f66ee30c893c0cde3d434911f8b31c1f84a9aea410e"
            ],
            "index": "pypi",
            "version": "==19.1.0"
        },
        "attrs": {
            "hashes": [
                "sha256:69c0dbf2ed392de1cb5ec704444b08a5ef81680a61cb899dc08127123af36a79",
                "sha256:f0b870f674851ecbfbbbd364d6b5cbdff9dcedbc7f3f5e18a6891057f21fe399"
            ],
            "version": "==19.1.0"
        },
        "boto3": {
            "hashes": [
                "sha256:5ff78c697d8009b9fe9808baea60660f0a07be666fb7c65fc4c11756f568124e",
                "sha256:d01314496080ac82ddff3d1b2c6ad542d89bfcb100b7a0e8aaf2d6aef99775c6"
            ],
            "index": "pypi",
            "version": "==1.9.239"
        },
        "botocore": {
            "hashes": [
                "sha256:14ff881779776a5b08e4bb8d7e0cd6ca86e36fc80decc536d605c406fb81c993",
                "sha256:5df4a8f8bb579daed58368d6c15cdd72455bfee7dc86be243e2ef4dff5ba1177"
            ],
            "version": "==1.12.239"
        },
        "brotli": {
            "hashes": [
                "sha256:0538dc1744fd17c314d2adc409ea7d1b779783b89fd95bcfb0c2acc93a6ea5a7",
                "sha256:0970a47f471782912d7705160b2b0a9306e68e6fadf9cffcaeb42d8f0951e26c",
                "sha256:113f51658e6fe548dce4b3749f6ef6c24de4184ba9c10a909cbee4261c2a5da0",
                "sha256:1e1aa9c4d1558889f42749c8baf846007953bfd32c8209230cf1cd1f5ef33495",
                "sha256:2f2f4f78f29ac4a45d15b3d9fc3fd9705e0ad313a44b129f6e1d0c6916bad0e2",
                "sha256:3269f6de1dd150fd0cce1c158b61ff5ac06d627fd3ae9c6ea03aed26fbbff7ea",
                "sha256:50dd9ad2a2bb12da4e9002a438672d182f98e546e99952de80280a1e1729664f",
                "sha256:5519a4b01b1a4f965083cbfa2ef2b9774c5a5f352341c47b50776ad109423d72",
                "sha256:5eb27722d320370315971c427eb8aa7cc0791f2a458840d357ac653bd0ad3a14",
                "sha256:5f06b4d5b6f58e5b5c220c2f23cad034dc5efa51b01fde2351ced1605bd980e2",
                "sha256:72848d25a5f9e736db4af4512e0c3feecc094d57d241f8f1ae959115a2c39756",
                "sha256:743001bca75f4a6b4454be3510feca46f9d61a0c782a9bc2bc684bdb245e279e",
                "sha256:9d1c2dd27a1083fefd05b1b2f8df4a6bc2aaa6c21dd82cd41c8ae5e7c23a87f8",
                "sha256:a13ce9b419fe9f277c63f700efb0e444331509d1881b5610d2ba7e9080606967",
                "sha256:a19ef0952b9d2803df88dff07f45a6c92d5676afb9b8d69cf32232d684036d11",
                "sha256:ad766ca8b8c1419b71a22756b45264f45725c86133dc80a7cbe30b6b78c75620",
                "sha256:ad7963f261988ee0883816b6b9f206f11461c9b3cb5cfbca0c9ab5adc406d395",
                "sha256:c16201060c5a3f8742e3deae759014251ac92f382f82bc2a41dc079ff18c3f24",
                "sha256:c43b202f65891861a9a336984a103de25de235f756de69e32db893156f767013",
                "sha256:c675c6cce4295cb1a692f3de7416aacace7314e064b94bc86e93aceefce7fd3e",
                "sha256:d17cec0b992b1434f5f9df9986563605a4d1b1acd5574c87fc2ac014bcbd3316",
                "sha256:dc91f6129953861a73d9a65c52a8dd682b561a9ebaf65283541645cab6489917",
                "sha256:e2f4cbd1760d2bf2f30e396c2301999aab0191aec031a6a8a04950b2f575a536",
                "sha256:f192e6d3556714105c10486bbd6d045e38a0c04d9da3cef21e0a8dfd8e162df4",
                "sha256:f775b07026af2b1b0b5a8b05e41571cdcf3a315a67df265d60af301656a5425b",
                "sha256:f969ec7f56ba9636679e69ca07fba548312ccaca37412ee823c7f413541ad7e0",
                "sha256:f9dc52cd70907aafb99a773b66b156f2f995c7a0d284397c487c8b71ddbef2f9",
                "sha256:fc7212e36ebeb81aebf7949c92897b622490d7c0e333a479c0395591e7994600"
            ],
            "index": "pypi",
            "version": "==1.0.7"
        },
        "cachecontrol": {
            "hashes": [
                "sha256:cef77effdf51b43178f6a2d3b787e3734f98ade253fa3187f3bb7315aaa42ff7"
            ],
            "version": "==0.12.5"
        },
        "certifi": {
            "hashes": [
                "sha256:e4f3620cfea4f83eedc95b24abd9cd56f3c4b146dd0177e83a21b4eb49e21e50",
                "sha256:fd7c7c74727ddcf00e9acd26bba8da604ffec95bf1c2144e67aff7a8b50e6cef"
            ],
            "version": "==2019.9.11"
        },
        "cffi": {
            "hashes": [
                "sha256:041c81822e9f84b1d9c401182e174996f0bae9991f33725d059b771744290774",
                "sha256:046ef9a22f5d3eed06334d01b1e836977eeef500d9b78e9ef693f9380ad0b83d",
                "sha256:066bc4c7895c91812eff46f4b1c285220947d4aa46fa0a2651ff85f2afae9c90",
                "sha256:066c7ff148ae33040c01058662d6752fd73fbc8e64787229ea8498c7d7f4041b",
                "sha256:2444d0c61f03dcd26dbf7600cf64354376ee579acad77aef459e34efcb438c63",
                "sha256:300832850b8f7967e278870c5d51e3819b9aad8f0a2c8dbe39ab11f119237f45",
                "sha256:34c77afe85b6b9e967bd8154e3855e847b70ca42043db6ad17f26899a3df1b25",
                "sha256:46de5fa00f7ac09f020729148ff632819649b3e05a007d286242c4882f7b1dc3",
                "sha256:4aa8ee7ba27c472d429b980c51e714a24f47ca296d53f4d7868075b175866f4b",
                "sha256:4d0004eb4351e35ed950c14c11e734182591465a33e960a4ab5e8d4f04d72647",
                "sha256:4e3d3f31a1e202b0f5a35ba3bc4eb41e2fc2b11c1eff38b362de710bcffb5016",
                "sha256:50bec6d35e6b1aaeb17f7c4e2b9374ebf95a8975d57863546fa83e8d31bdb8c4",
                "sha256:55cad9a6df1e2a1d62063f79d0881a414a906a6962bc160ac968cc03ed3efcfb",
                "sha256:5662ad4e4e84f1eaa8efce5da695c5d2e229c563f9d5ce5b0113f71321bcf753",
                "sha256:59b4dc008f98fc6ee2bb4fd7fc786a8d70000d058c2bbe2698275bc53a8d3fa7",
                "sha256:73e1ffefe05e4ccd7bcea61af76f36077b914f92b76f95ccf00b0c1b9186f3f9",
                "sha256:a1f0fd46eba2d71ce1589f7e50a9e2ffaeb739fb2c11e8192aa2b45d5f6cc41f",
                "sha256:a2e85dc204556657661051ff4bab75a84e968669765c8a2cd425918699c3d0e8",
                "sha256:a5457d47dfff24882a21492e5815f891c0ca35fefae8aa742c6c263dac16ef1f",
                "sha256:a8dccd61d52a8dae4a825cdbb7735da530179fea472903eb871a5513b5abbfdc",
                "sha256:ae61af521ed676cf16ae94f30fe202781a38d7178b6b4ab622e4eec8cefaff42",
                "sha256:b012a5edb48288f77a63dba0840c92d0504aa215612da4541b7b42d849bc83a3",
                "sha256:d2c5cfa536227f57f97c92ac30c8109688ace8fa4ac086d19d0af47d134e2909",
                "sha256:d42b5796e20aacc9d15e66befb7a345454eef794fdb0737d1af593447c6c8f45",
                "sha256:dee54f5d30d775f525894d67b1495625dd9322945e7fee00731952e0368ff42d",
                "sha256:e070535507bd6aa07124258171be2ee8dfc19119c28ca94c9dfb7efd23564512",
                "sha256:e1ff2748c84d97b065cc95429814cdba39bcbd77c9c85c89344b317dc0d9cbff",
                "sha256:ed851c75d1e0e043cbf5ca9a8e1b13c4c90f3fbd863dacb01c0808e2b5204201"
            ],
            "version": "==1.12.3"
        },
        "chardet": {
            "hashes": [
                "sha256:84ab92ed1c4d4f16916e05906b6b75a6c0fb5db821cc65e70cbd64a3e2a5eaae",
                "sha256:fc323ffcaeaed0e0a02bf4d117757b98aed530d9ed4531e3e15460124c106691"
            ],
            "version": "==3.0.4"
        },
        "click": {
            "hashes": [
                "sha256:2335065e6395b9e67ca716de5f7526736bfa6ceead690adf616d925bdc622b13",
                "sha256:5b94b49521f6456670fdb30cd82a4eca9412788a93fa6dd6df72c94d5a8ff2d7"
            ],
            "version": "==7.0"
        },
        "click-plugins": {
            "hashes": [
                "sha256:46ab999744a9d831159c3411bb0c79346d94a444df9a3a3742e9ed63645f264b",
                "sha256:5d262006d3222f5057fd81e1623d4443e41dcda5dc815c06b442aa3c02889fc8"
            ],
            "version": "==1.1.1"
        },
        "cligj": {
            "hashes": [
                "sha256:20f24ce9abfde3f758aec3399e6811b936b6772f360846c662c19bf5537b4f14",
                "sha256:60c93dda4499562eb87509a8ff3535a7441053b766c9c26bcf874a732f939c7c",
                "sha256:6c7d52d529a78712491974f975c33473f430c0f7beb18c0d7a402a743dcb460a"
            ],
            "version": "==0.5.0"
        },
        "coreapi": {
            "hashes": [
                "sha256:46145fcc1f7017c076a2ef684969b641d18a2991051fddec9458ad3f78ffc1cb",
                "sha256:bf39d118d6d3e171f10df9ede5666f63ad80bba9a29a8ec17726a66cf52ee6f3"
            ],
            "version": "==2.3.3"
        },
        "coreschema": {
            "hashes": [
                "sha256:5e6ef7bf38c1525d5e55a895934ab4273548629f16aed5c0a6caa74ebf45551f",
                "sha256:9503506007d482ab0867ba14724b93c18a33b22b6d19fb419ef2d239dd4a1607"
            ],
            "version": "==0.0.4"
        },
        "defusedxml": {
            "hashes": [
                "sha256:6687150770438374ab581bb7a1b327a847dd9c5749e396102de3fad4e8a3ef93",
                "sha256:f684034d135af4c6cbb949b8a4d2ed61634515257a67299e5f940fbaa34377f5"
            ],
            "version": "==0.6.0"
        },
        "django": {
            "hashes": [
                "sha256:4025317ca01f75fc79250ff7262a06d8ba97cd4f82e93394b2a0a6a4a925caeb",
                "sha256:a8ca1033acac9f33995eb2209a6bf18a4681c3e5269a878e9a7e0b7384ed1ca3"
            ],
            "index": "pypi",
            "version": "==2.2.6"
        },
        "django-allauth": {
            "hashes": [
                "sha256:6a189fc4d3ee23596c3fd6e9f49c59b5b15618980118171a50675dd6a27cc589"
            ],
            "version": "==0.40.0"
        },
        "django-astrosat-core": {
            "editable": true,
            "git": "https://github.com/astrosat/django-astrosat-core.git",
            "ref": "289f651e2597f2744f5853b0c3b06b3cedf95f95"
        },
        "django-astrosat-users": {
            "editable": true,
            "git": "https://github.com/astrosat/django-astrosat-users.git",
            "ref": "83be58b84731f354be808fd4d9e7c510912e6261"
        },
        "django-cors-headers": {
            "hashes": [
                "sha256:5762ec9c2d59f38c76828dc1d4308baca4bc0d3e1d6f217683e7a24a1c4611a3",
                "sha256:ee02f4b699e9b6645602a46d0adb430ee940a1bf8df64f77e516f8d7711fee60"
            ],
            "index": "pypi",
            "version": "==3.1.1"
        },
        "django-environ": {
            "hashes": [
                "sha256:6c9d87660142608f63ec7d5ce5564c49b603ea8ff25da595fd6098f6dc82afde",
                "sha256:c57b3c11ec1f319d9474e3e5a79134f40174b17c7cc024bbb2fad84646b120c4"
            ],
            "index": "pypi",
            "version": "==0.4.5"
        },
        "django-filter": {
            "hashes": [
                "sha256:558c727bce3ffa89c4a7a0b13bc8976745d63e5fd576b3a9a851650ef11c401b",
                "sha256:c3deb57f0dd7ff94d7dce52a047516822013e2b441bed472b722a317658cfd14"
            ],
            "index": "pypi",
            "version": "==2.2.0"
        },
        "django-health-check": {
            "hashes": [
                "sha256:3aa7319005673766c2897bfed743416589fa90dc146cc92b1cccdce09f834598",
                "sha256:805324b3a7275a087903928df4fc94759f131bc0ba7e5eb18806005c4a2a4f2f"
            ],
            "index": "pypi",
            "version": "==3.11.0"
        },
        "django-rest-auth": {
            "hashes": [
                "sha256:f11e12175dafeed772f50d740d22caeab27e99a3caca24ec65e66a8d6de16571"
            ],
            "version": "==0.9.5"
        },
        "django-rest-swagger": {
            "hashes": [
                "sha256:48f6aded9937e90ae7cbe9e6c932b9744b8af80cc4e010088b3278c700e0685b",
                "sha256:b039b0288bab4665cd45dc5d16f94b13911bc4ad0ed55f74ad3b90aa31c87c17"
            ],
            "index": "pypi",
            "version": "==2.2.0"
        },
        "djangorestframework": {
            "hashes": [
                "sha256:376f4b50340a46c15ae15ddd0c853085f4e66058f97e4dbe7d43ed62f5e60651",
                "sha256:c12869cfd83c33d579b17b3cb28a2ae7322a53c3ce85580c2a2ebe4e3f56c4fb"
            ],
            "index": "pypi",
            "version": "==3.9.4"
        },
        "djangorestframework-gis": {
            "hashes": [
                "sha256:35527c51e083ccc93f6e6d90a6515c132bbeb2c5648b166ac5b1a48c4ea8e2a4",
                "sha256:e645c6c8aedee53ac0a4851abcdf8121fff66813eebae1b040b1ccb941cb248b"
            ],
            "index": "pypi",
            "version": "==0.14"
        },
        "docutils": {
            "hashes": [
                "sha256:6c4f696463b79f1fb8ba0c594b63840ebd41f059e92b31957c46b74a4599b6d0",
                "sha256:9e4d7ecfc600058e07ba661411a2b7de2fd0fafa17d1a7f7361cd47b1175c827",
                "sha256:a2aeea129088da402665e92e0b25b04b073c04b2dce4ab65caaa38b7ce2e1a99"
            ],
            "version": "==0.15.2"
        },
        "drf-flex-fields": {
            "hashes": [
                "sha256:6a27d3efe3cdf9334e2cf0fab2c1fd18baa4c79e789228aef5b296152904929f"
            ],
            "index": "pypi",
            "version": "==0.6.1"
        },
        "fiona": {
            "hashes": [
                "sha256:035414ebae4d2a55f61bda0bc55467c223504aad1826152122c8eafc4ba87819",
                "sha256:2bc68b11580352a10a92da734dc09bd12348e45188d94416788681430ff0f02a",
                "sha256:40e5a59029fb6b51824e7d2ab7b4d7de5f84c5c43ab189ec930e7aa7b7f6e278",
                "sha256:659b0d66149ddcd324754495f8f4c6d5aefa92eebeb31fd82622b1c12b0d4443",
                "sha256:711c3be73203b37812992089445a1e4e9d3d6b64e667389f7b15406e15a91e83",
                "sha256:82760cfeffabd443eb7ada2a2c64d9a6eab3e14e7c25b1ff90186ba80a3ca625",
                "sha256:8431aa3d790c5b509c4532ddb9a783df34d02a4e7b3175e5e75d058c09f81a90",
                "sha256:8e8ce2f233b90d4faf03ed12c9826ab0193992c49685a0b9cf381e9fbfca8fa5",
                "sha256:bbc6ba0ec3f6fc208b3f50df14374d5796258cfc30436fe3de312ed62d8f6223"
            ],
            "version": "==1.8.8"
        },
        "geopandas": {
            "hashes": [
                "sha256:3e98a2d21917562256ac01e2f1d568b7410f0476793fb70d4191777de6322b04",
                "sha256:b9a7e3ad3afe59396a3fcb1cf8d2004f4302aab0ccd7ffbe4648a0a03a506a83"
            ],
            "index": "pypi",
            "version": "==0.6.0"
        },
        "idna": {
            "hashes": [
                "sha256:c357b3f628cf53ae2c4c05627ecc484553142ca23264e593d327bcde5e9c3407",
                "sha256:ea8b7f6188e6fa117537c3df7da9fc686d485087abf6ac197f9c46432f7e4a3c"
            ],
            "version": "==2.8"
        },
        "iso3166": {
            "hashes": [
                "sha256:2dcb10330a99de73189b62f4816035787d5e40764b20efc770c6eb35369b83ab",
                "sha256:eaad12d1c5fb9394dc423a13b8084973960a7b392677039ce6fd932aa4a74bab"
            ],
            "version": "==1.0"
        },
        "itypes": {
            "hashes": [
                "sha256:c6e77bb9fd68a4bfeb9d958fea421802282451a25bac4913ec94db82a899c073"
            ],
            "version": "==1.1.0"
        },
        "jinja2": {
            "hashes": [
                "sha256:065c4f02ebe7f7cf559e49ee5a95fb800a9e4528727aec6f24402a5374c65013",
                "sha256:14dd6caf1527abb21f08f86c784eac40853ba93edb79552aa1e4b8aef1b61c7b"
            ],
            "version": "==2.10.1"
        },
        "jmespath": {
            "hashes": [
                "sha256:3720a4b1bd659dd2eecad0666459b9788813e032b83e7ba58578e48254e0a0e6",
                "sha256:bde2aef6f44302dfb30320115b17d030798de8c4110e28d5cf6cf91a7a31074c"
            ],
            "version": "==0.9.4"
        },
        "jsonschema": {
            "hashes": [
                "sha256:5f9c0a719ca2ce14c5de2fd350a64fd2d13e8539db29836a86adc990bb1a068f",
                "sha256:8d4a2b7b6c2237e0199c8ea1a6d3e05bf118e289ae2b9d7ba444182a2959560d"
            ],
            "version": "==3.0.2"
        },
        "mapbox": {
            "hashes": [
                "sha256:3e9a098524a6b855f39fd5e773fb21526ef9660291f12b147e98fd44c7573e0b",
                "sha256:ad40585f1745a1a60e9ea1c0dbe6cd969751b92e38926c93324d812356f68cb5"
            ],
            "index": "pypi",
            "version": "==0.18.0"
        },
        "markupsafe": {
            "hashes": [
                "sha256:00bc623926325b26bb9605ae9eae8a215691f33cae5df11ca5424f06f2d1f473",
                "sha256:09027a7803a62ca78792ad89403b1b7a73a01c8cb65909cd876f7fcebd79b161",
                "sha256:09c4b7f37d6c648cb13f9230d847adf22f8171b1ccc4d5682398e77f40309235",
                "sha256:1027c282dad077d0bae18be6794e6b6b8c91d58ed8a8d89a89d59693b9131db5",
                "sha256:24982cc2533820871eba85ba648cd53d8623687ff11cbb805be4ff7b4c971aff",
                "sha256:29872e92839765e546828bb7754a68c418d927cd064fd4708fab9fe9c8bb116b",
                "sha256:43a55c2930bbc139570ac2452adf3d70cdbb3cfe5912c71cdce1c2c6bbd9c5d1",
                "sha256:46c99d2de99945ec5cb54f23c8cd5689f6d7177305ebff350a58ce5f8de1669e",
                "sha256:500d4957e52ddc3351cabf489e79c91c17f6e0899158447047588650b5e69183",
                "sha256:535f6fc4d397c1563d08b88e485c3496cf5784e927af890fb3c3aac7f933ec66",
                "sha256:62fe6c95e3ec8a7fad637b7f3d372c15ec1caa01ab47926cfdf7a75b40e0eac1",
                "sha256:6dd73240d2af64df90aa7c4e7481e23825ea70af4b4922f8ede5b9e35f78a3b1",
                "sha256:717ba8fe3ae9cc0006d7c451f0bb265ee07739daf76355d06366154ee68d221e",
                "sha256:79855e1c5b8da654cf486b830bd42c06e8780cea587384cf6545b7d9ac013a0b",
                "sha256:7c1699dfe0cf8ff607dbdcc1e9b9af1755371f92a68f706051cc8c37d447c905",
                "sha256:88e5fcfb52ee7b911e8bb6d6aa2fd21fbecc674eadd44118a9cc3863f938e735",
                "sha256:8defac2f2ccd6805ebf65f5eeb132adcf2ab57aa11fdf4c0dd5169a004710e7d",
                "sha256:98c7086708b163d425c67c7a91bad6e466bb99d797aa64f965e9d25c12111a5e",
                "sha256:9add70b36c5666a2ed02b43b335fe19002ee5235efd4b8a89bfcf9005bebac0d",
                "sha256:9bf40443012702a1d2070043cb6291650a0841ece432556f784f004937f0f32c",
                "sha256:ade5e387d2ad0d7ebf59146cc00c8044acbd863725f887353a10df825fc8ae21",
                "sha256:b00c1de48212e4cc9603895652c5c410df699856a2853135b3967591e4beebc2",
                "sha256:b1282f8c00509d99fef04d8ba936b156d419be841854fe901d8ae224c59f0be5",
                "sha256:b2051432115498d3562c084a49bba65d97cf251f5a331c64a12ee7e04dacc51b",
                "sha256:ba59edeaa2fc6114428f1637ffff42da1e311e29382d81b339c1817d37ec93c6",
                "sha256:c8716a48d94b06bb3b2524c2b77e055fb313aeb4ea620c8dd03a105574ba704f",
                "sha256:cd5df75523866410809ca100dc9681e301e3c27567cf498077e8551b6d20e42f",
                "sha256:e249096428b3ae81b08327a63a485ad0878de3fb939049038579ac0ef61e17e7"
            ],
            "version": "==1.1.1"
        },
        "msgpack": {
            "hashes": [
                "sha256:0cc7ca04e575ba34fea7cfcd76039f55def570e6950e4155a4174368142c8e1b",
                "sha256:187794cd1eb73acccd528247e3565f6760bd842d7dc299241f830024a7dd5610",
                "sha256:1904b7cb65342d0998b75908304a03cb004c63ef31e16c8c43fee6b989d7f0d7",
                "sha256:229a0ccdc39e9b6c6d1033cd8aecd9c296823b6c87f0de3943c59b8bc7c64bee",
                "sha256:24149a75643aeaa81ece4259084d11b792308a6cf74e796cbb35def94c89a25a",
                "sha256:30b88c47e0cdb6062daed88ca283b0d84fa0d2ad6c273aa0788152a1c643e408",
                "sha256:32fea0ea3cd1ef820286863a6202dcfd62a539b8ec3edcbdff76068a8c2cc6ce",
                "sha256:355f7fd0f90134229eaeefaee3cf42e0afc8518e8f3cd4b25f541a7104dcb8f9",
                "sha256:4abdb88a9b67e64810fb54b0c24a1fd76b12297b4f7a1467d85a14dd8367191a",
                "sha256:757bd71a9b89e4f1db0622af4436d403e742506dbea978eba566815dc65ec895",
                "sha256:76df51492bc6fa6cc8b65d09efdb67cbba3cbfe55004c3afc81352af92b4a43c",
                "sha256:774f5edc3475917cd95fe593e625d23d8580f9b48b570d8853d06cac171cd170",
                "sha256:8a3ada8401736df2bf497f65589293a86c56e197a80ae7634ec2c3150a2f5082",
                "sha256:a06efd0482a1942aad209a6c18321b5e22d64eb531ea20af138b28172d8f35ba",
                "sha256:b24afc52e18dccc8c175de07c1d680bdf315844566f4952b5bedb908894bec79",
                "sha256:b8b4bd3dafc7b92608ae5462add1c8cc881851c2d4f5d8977fdea5b081d17f21",
                "sha256:c6e5024fc0cdf7f83b6624850309ddd7e06c48a75fa0d1c5173de4d93300eb19",
                "sha256:db7ff14abc73577b0bcbcf73ecff97d3580ecaa0fc8724babce21fdf3fe08ef6",
                "sha256:dedf54d72d9e7b6d043c244c8213fe2b8bbfe66874b9a65b39c4cc892dd99dd4",
                "sha256:ea3c2f859346fcd55fc46e96885301d9c2f7a36d453f5d8f2967840efa1e1830",
                "sha256:f0f47bafe9c9b8ed03e19a100a743662dd8c6d0135e684feea720a0d0046d116"
            ],
            "version": "==0.6.2"
        },
        "munch": {
            "hashes": [
                "sha256:6ae3d26b837feacf732fb8aa5b842130da1daf221f5af9f9d4b2a0a6414b0d51"
            ],
            "version": "==2.3.2"
        },
        "numpy": {
            "hashes": [
                "sha256:05dbfe72684cc14b92568de1bc1f41e5f62b00f714afc9adee42f6311738091f",
                "sha256:0d82cb7271a577529d07bbb05cb58675f2deb09772175fab96dc8de025d8ac05",
                "sha256:10132aa1fef99adc85a905d82e8497a580f83739837d7cbd234649f2e9b9dc58",
                "sha256:12322df2e21f033a60c80319c25011194cd2a21294cc66fee0908aeae2c27832",
                "sha256:16f19b3aa775dddc9814e02a46b8e6ae6a54ed8cf143962b4e53f0471dbd7b16",
                "sha256:3d0b0989dd2d066db006158de7220802899a1e5c8cf622abe2d0bd158fd01c2c",
                "sha256:438a3f0e7b681642898fd7993d38e2bf140a2d1eafaf3e89bb626db7f50db355",
                "sha256:5fd214f482ab53f2cea57414c5fb3e58895b17df6e6f5bca5be6a0bb6aea23bb",
                "sha256:73615d3edc84dd7c4aeb212fa3748fb83217e00d201875a47327f55363cef2df",
                "sha256:7bd355ad7496f4ce1d235e9814ec81ee3d28308d591c067ce92e49f745ba2c2f",
                "sha256:7d077f2976b8f3de08a0dcf5d72083f4af5411e8fddacd662aae27baa2601196",
                "sha256:a4092682778dc48093e8bda8d26ee8360153e2047826f95a3f5eae09f0ae3abf",
                "sha256:b458de8624c9f6034af492372eb2fee41a8e605f03f4732f43fc099e227858b2",
                "sha256:e70fc8ff03a961f13363c2c95ef8285e0cf6a720f8271836f852cc0fa64e97c8",
                "sha256:ee8e9d7cad5fe6dde50ede0d2e978d81eafeaa6233fb0b8719f60214cf226578",
                "sha256:f4a4f6aba148858a5a5d546a99280f71f5ee6ec8182a7d195af1a914195b21a2"
            ],
            "version": "==1.17.2"
        },
        "oauthlib": {
            "hashes": [
                "sha256:bee41cc35fcca6e988463cacc3bcb8a96224f470ca547e697b604cc697b2f889",
                "sha256:df884cd6cbe20e32633f1db1072e9356f53638e4361bef4e8b03c9127c9328ea"
            ],
            "version": "==3.1.0"
        },
        "openapi-codec": {
            "hashes": [
                "sha256:1bce63289edf53c601ea3683120641407ff6b708803b8954c8a876fe778d2145"
            ],
            "version": "==1.3.2"
        },
        "pandas": {
            "hashes": [
                "sha256:18d91a9199d1dfaa01ad645f7540370ba630bdcef09daaf9edf45b4b1bca0232",
                "sha256:3f26e5da310a0c0b83ea50da1fd397de2640b02b424aa69be7e0784228f656c9",
                "sha256:4182e32f4456d2c64619e97c58571fa5ca0993d1e8c2d9ca44916185e1726e15",
                "sha256:426e590e2eb0e60f765271d668a30cf38b582eaae5ec9b31229c8c3c10c5bc21",
                "sha256:5eb934a8f0dc358f0e0cdf314072286bbac74e4c124b64371395e94644d5d919",
                "sha256:717928808043d3ea55b9bcde636d4a52d2236c246f6df464163a66ff59980ad8",
                "sha256:8145f97c5ed71827a6ec98ceaef35afed1377e2d19c4078f324d209ff253ecb5",
                "sha256:8744c84c914dcc59cbbb2943b32b7664df1039d99e834e1034a3372acb89ea4d",
                "sha256:c1ac1d9590d0c9314ebf01591bd40d4c03d710bfc84a3889e5263c97d7891dee",
                "sha256:cb2e197b7b0687becb026b84d3c242482f20cbb29a9981e43604eb67576da9f6",
                "sha256:d4001b71ad2c9b84ff18b182cea22b7b6cbf624216da3ea06fb7af28d1f93165",
                "sha256:d8930772adccb2882989ab1493fa74bd87d47c8ac7417f5dd3dd834ba8c24dc9",
                "sha256:dfbb0173ee2399bc4ed3caf2d236e5c0092f948aafd0a15fbe4a0e77ee61a958",
                "sha256:eebfbba048f4fa8ac711b22c78516e16ff8117d05a580e7eeef6b0c2be554c18",
                "sha256:f1b21bc5cf3dbea53d33615d1ead892dfdae9d7052fa8898083bec88be20dcd2"
            ],
            "index": "pypi",
            "version": "==0.25.1"
        },
        "polyline": {
            "hashes": [
                "sha256:6559a0d5d37f4d14255744b3c6a648d5ff480d3d5c5f30186effc72a4142fd6c",
                "sha256:7c7f89d09a09c7b6161bdbfb4fd304b186fc7a2060fa4f31cb3f61c646a5c074"
            ],
            "version": "==1.4.0"
        },
        "psycopg2-binary": {
            "hashes": [
                "sha256:080c72714784989474f97be9ab0ddf7b2ad2984527e77f2909fcd04d4df53809",
                "sha256:110457be80b63ff4915febb06faa7be002b93a76e5ba19bf3f27636a2ef58598",
                "sha256:171352a03b22fc099f15103959b52ee77d9a27e028895d7e5fde127aa8e3bac5",
                "sha256:19d013e7b0817087517a4b3cab39c084d78898369e5c46258aab7be4f233d6a1",
                "sha256:249b6b21ae4eb0f7b8423b330aa80fab5f821b9ffc3f7561a5e2fd6bb142cf5d",
                "sha256:2ac0731d2d84b05c7bb39e85b7e123c3a0acd4cda631d8d542802c88deb9e87e",
                "sha256:2b6d561193f0dc3f50acfb22dd52ea8c8dfbc64bcafe3938b5f209cc17cb6f00",
                "sha256:2bd23e242e954214944481124755cbefe7c2cf563b1a54cd8d196d502f2578bf",
                "sha256:3e1239242ca60b3725e65ab2f13765fc199b03af9eaf1b5572f0e97bdcee5b43",
                "sha256:3eb70bb697abbe86b1d2b1316370c02ba320bfd1e9e35cf3b9566a855ea8e4e5",
                "sha256:51a2fc7e94b98bd1bb5d4570936f24fc2b0541b63eccadf8fdea266db8ad2f70",
                "sha256:52f1bdafdc764b7447e393ed39bb263eccb12bfda25a4ac06d82e3a9056251f6",
                "sha256:5b3581319a3951f1e866f4f6c5e42023db0fae0284273b82e97dfd32c51985cd",
                "sha256:63c1b66e3b2a3a336288e4bcec499e0dc310cd1dceaed1c46fa7419764c68877",
                "sha256:8123a99f24ecee469e5c1339427bcdb2a33920a18bb5c0d58b7c13f3b0298ba3",
                "sha256:85e699fcabe7f817c0f0a412d4e7c6627e00c412b418da7666ff353f38e30f67",
                "sha256:8dbff4557bbef963697583366400822387cccf794ccb001f1f2307ed21854c68",
                "sha256:908d21d08d6b81f1b7e056bbf40b2f77f8c499ab29e64ec5113052819ef1c89b",
                "sha256:af39d0237b17d0a5a5f638e9dffb34013ce2b1d41441fd30283e42b22d16858a",
                "sha256:af51bb9f055a3f4af0187149a8f60c9d516cf7d5565b3dac53358796a8fb2a5b",
                "sha256:b2ecac57eb49e461e86c092761e6b8e1fd9654dbaaddf71a076dcc869f7014e2",
                "sha256:cd37cc170678a4609becb26b53a2bc1edea65177be70c48dd7b39a1149cabd6e",
                "sha256:d17e3054b17e1a6cb8c1140f76310f6ede811e75b7a9d461922d2c72973f583e",
                "sha256:d305313c5a9695f40c46294d4315ed3a07c7d2b55e48a9010dad7db7a66c8b7f",
                "sha256:dd0ef0eb1f7dd18a3f4187226e226a7284bda6af5671937a221766e6ef1ee88f",
                "sha256:e1adff53b56db9905db48a972fb89370ad5736e0450b96f91bcf99cadd96cfd7",
                "sha256:f0d43828003c82dbc9269de87aa449e9896077a71954fbbb10a614c017e65737",
                "sha256:f78e8b487de4d92640105c1389e5b90be3496b1d75c90a666edd8737cc2dbab7"
            ],
            "index": "pypi",
            "version": "==2.8.3"
        },
        "pycparser": {
            "hashes": [
                "sha256:a988718abfad80b6b157acce7bf130a30876d27603738ac39f140993246b25b3"
            ],
            "version": "==2.19"
        },
        "pympler": {
            "hashes": [
                "sha256:7a11e739125a9ce8bf868ded67238a40e8a7bf979bc03005eb8126182e5e274e"
            ],
            "version": "==0.7"
        },
        "pyproj": {
            "hashes": [
                "sha256:0f3b3280ae59c74212841c38d1df055537b4e83cbfcda4072ba6b0eeefd0b98a",
                "sha256:36ad4ff82f38cdc7738da81289ec4309263ad40f3d62cb75eeef22bb70178698",
                "sha256:4a26485f09052722deaa1ddc6b3133d41bd982be5b0e64e296626e71b94ee5e6",
                "sha256:4b41db92d689119b57ff6fcc3ae5a75072c86a7078cb0c25434b3ab4b79ad624",
                "sha256:5d1f4f2645abd05128d29bd71eb378ff0fedb9f96147356e68b87a628863bf92",
                "sha256:7c05ca74d7a3c822afd933e2efb5c599475c1cb22919500cb7df8ecb1c24d04e",
                "sha256:8124fe43d81a7caca43df6930110e2bfd2bd3b82b86587eefd6f6d86a81a658e",
                "sha256:8e2a8fab431bc6d16a417792198813fe6b8c53aafb51f54e1e6a52cdb377b576",
                "sha256:9121e2ae3eb13d32cf2c49e456e052fe88cab200cfc07e3162cdb276427040fa",
                "sha256:a8462505b4fa7e7e73ac5e69f1aa3d4a31b25e93dac80a41a2ff35d996c3f173",
                "sha256:c22c52ea26d318d808bdde23e2b57b85c292747971ff79d0ea578b578ff791d6",
                "sha256:d25638d48af3df03c6d3c713495d62d0b9a135032b0dddafbb7f0004d052b1f5",
                "sha256:d851dd9245f60871306a49af92523a8ea8d8a60f3e522bbd8b9cd512d8b825ec",
                "sha256:e27a5bec46c706a343db9b218bf13abd53f1e066668b194bd48511c1773f6c1c",
                "sha256:fb151507b8793acc8c622164e3cc57d0c51f3d4790dabba1daf141a780bad68a"
            ],
            "version": "==2.4.0"
        },
        "pyrsistent": {
            "hashes": [
                "sha256:34b47fa169d6006b32e99d4b3c4031f155e6e68ebcc107d6454852e8e0ee6533"
            ],
            "version": "==0.15.4"
        },
        "python-dateutil": {
            "hashes": [
                "sha256:7e6584c74aeed623791615e26efd690f29817a27c73085b78e4bad02493df2fb",
                "sha256:c89805f6f4d64db21ed966fda138f8a5ed7a4fdbc1a8ee329ce1b74e3c74da9e"
            ],
            "markers": "python_version >= '2.7'",
            "version": "==2.8.0"
        },
        "python3-openid": {
            "hashes": [
                "sha256:0086da6b6ef3161cfe50fb1ee5cceaf2cda1700019fda03c2c5c440ca6abe4fa",
                "sha256:628d365d687e12da12d02c6691170f4451db28d6d68d050007e4a40065868502"
            ],
            "version": "==3.1.0"
        },
        "pytz": {
            "hashes": [
                "sha256:26c0b32e437e54a18161324a2fca3c4b9846b74a8dccddd843113109e1116b32",
                "sha256:c894d57500a4cd2d5c71114aaab77dbab5eabd9022308ce5ac9bb93a60a6f0c7"
            ],
            "version": "==2019.2"
        },
        "requests": {
            "hashes": [
                "sha256:11e007a8a2aa0323f5a921e9e6a2d7e4e67d9877e85773fba9ba6419025cbeb4",
                "sha256:9cf5292fcd0f598c671cfc1e0d7d1a7f13bb8085e9a590f48c010551dc6c4b31"
            ],
            "version": "==2.22.0"
        },
        "requests-oauthlib": {
            "hashes": [
                "sha256:bd6533330e8748e94bf0b214775fed487d309b8b8fe823dc45641ebcd9a32f57",
                "sha256:d3ed0c8f2e3bbc6b344fa63d6f933745ab394469da38db16bdddb461c7e25140"
            ],
            "version": "==1.2.0"
        },
        "s3transfer": {
            "hashes": [
                "sha256:6efc926738a3cd576c2a79725fed9afde92378aa5c6a957e3af010cb019fac9d",
                "sha256:b780f2411b824cb541dbcd2c713d0cb61c7d1bcadae204cdddda2b35cef493ba"
            ],
            "version": "==0.2.1"
        },
        "shapely": {
            "hashes": [
                "sha256:0378964902f89b8dbc332e5bdfa08e0bc2f7ab39fecaeb17fbb2a7699a44fe71",
                "sha256:34e7c6f41fb27906ccdf2514ee44a5774b90b39a256b6511a6a57d11ffe64999",
                "sha256:3ca69d4b12e2b05b549465822744b6a3a1095d8488cc27b2728a06d3c07d0eee",
                "sha256:3e9388f29bd81fcd4fa5c35125e1fbd4975ee36971a87a90c093f032d0e9de24",
                "sha256:3ef28e3f20a1c37f5b99ea8cf8dcb58e2f1a8762d65ed2d21fd92bf1d4811182",
                "sha256:523c94403047eb6cacd7fc1863ebef06e26c04d8a4e7f8f182d49cd206fe787e",
                "sha256:5d22a1a705c2f70f61ccadc696e33d922c1a92e00df8e1d58a6ade14dd7e3b4f",
                "sha256:714b6680215554731389a1bbdae4cec61741aa4726921fa2b2b96a6f578a2534",
                "sha256:7dfe1528650c3f0dc82f41a74cf4f72018288db9bfb75dcd08f6f04233ec7e78",
                "sha256:ba58b21b9cf3c33725f7f530febff9ed6a6846f9d0bf8a120fc74683ff919f89",
                "sha256:c4b87bb61fc3de59fc1f85e71a79b0c709dc68364d9584473697aad4aa13240f",
                "sha256:ebb4d2bee7fac3f6c891fcdafaa17f72ab9c6480f6d00de0b2dc9a5137dfe342"
            ],
            "version": "==1.6.4.post2"
        },
        "simplejson": {
            "hashes": [
                "sha256:067a7177ddfa32e1483ba5169ebea1bc2ea27f224853211ca669325648ca5642",
                "sha256:2fc546e6af49fb45b93bbe878dea4c48edc34083729c0abd09981fe55bdf7f91",
                "sha256:354fa32b02885e6dae925f1b5bbf842c333c1e11ea5453ddd67309dc31fdb40a",
                "sha256:37e685986cf6f8144607f90340cff72d36acf654f3653a6c47b84c5c38d00df7",
                "sha256:3af610ee72efbe644e19d5eaad575c73fb83026192114e5f6719f4901097fce2",
                "sha256:3b919fc9cf508f13b929a9b274c40786036b31ad28657819b3b9ba44ba651f50",
                "sha256:3dd289368bbd064974d9a5961101f080e939cbe051e6689a193c99fb6e9ac89b",
                "sha256:6c3258ffff58712818a233b9737fe4be943d306c40cf63d14ddc82ba563f483a",
                "sha256:75e3f0b12c28945c08f54350d91e624f8dd580ab74fd4f1bbea54bc6b0165610",
                "sha256:b1f329139ba647a9548aa05fb95d046b4a677643070dc2afc05fa2e975d09ca5",
                "sha256:ee9625fc8ee164902dfbb0ff932b26df112da9f871c32f0f9c1bcf20c350fe2a",
                "sha256:fb2530b53c28f0d4d84990e945c2ebb470edb469d63e389bf02ff409012fe7c5"
            ],
            "version": "==3.16.0"
        },
        "six": {
            "hashes": [
                "sha256:3350809f0555b11f552448330d0b52d5f24c91a322ea4a15ef22629740f3761c",
                "sha256:d16a0141ec1a18405cd4ce8b4613101da75da0e9a7aec5bdd4fa804d0e0eba73"
            ],
            "version": "==1.12.0"
        },
        "sqlparse": {
            "hashes": [
                "sha256:40afe6b8d4b1117e7dff5504d7a8ce07d9a1b15aeeade8a2d10f130a834f8177",
                "sha256:7c3dca29c022744e95b547e867cee89f4fce4373f3549ccd8797d8eb52cdb873"
            ],
            "version": "==0.3.0"
        },
        "uritemplate": {
            "hashes": [
                "sha256:01c69f4fe8ed503b2951bef85d996a9d22434d2431584b5b107b2981ff416fbd",
                "sha256:1b9c467a940ce9fb9f50df819e8ddd14696f89b9a8cc87ac77952ba416e0a8fd",
                "sha256:c02643cebe23fc8adb5e6becffe201185bf06c40bda5c0b4028a93f1527d011d"
            ],
            "version": "==3.0.0"
        },
        "urllib3": {
            "hashes": [
                "sha256:3de946ffbed6e6746608990594d08faac602528ac7015ac28d33cee6a45b7398",
                "sha256:9a107b99a5393caf59c7aa3c1249c16e6879447533d0887f4336dde834c7be86"
            ],
            "markers": "python_version >= '3.4'",
            "version": "==1.25.6"
        },
        "uwsgi": {
            "hashes": [
                "sha256:4972ac538800fb2d421027f49b4a1869b66048839507ccf0aa2fda792d99f583"
            ],
            "index": "pypi",
            "version": "==2.0.18"
        },
        "whitenoise": {
            "hashes": [
                "sha256:22f79cf8f1f509639330f93886acaece8ec5ac5e9600c3b981d33c34e8a42dfd",
                "sha256:6dfea214b7c12efd689007abf9afa87a426586e9dbc051873ad2c8e535e2a1ac"
            ],
            "index": "pypi",
            "version": "==4.1.4"
        }
    },
    "develop": {
        "atomicwrites": {
            "hashes": [
                "sha256:03472c30eb2c5d1ba9227e4c2ca66ab8287fbfbbda3888aa93dc2e28fc6811b4",
                "sha256:75a9445bac02d8d058d5e1fe689654ba5a6556a1dfd8ce6ec55a0ed79866cfa6"
            ],
            "version": "==1.3.0"
        },
        "attrs": {
            "hashes": [
                "sha256:69c0dbf2ed392de1cb5ec704444b08a5ef81680a61cb899dc08127123af36a79",
                "sha256:f0b870f674851ecbfbbbd364d6b5cbdff9dcedbc7f3f5e18a6891057f21fe399"
            ],
            "version": "==19.1.0"
        },
        "certifi": {
            "hashes": [
                "sha256:e4f3620cfea4f83eedc95b24abd9cd56f3c4b146dd0177e83a21b4eb49e21e50",
                "sha256:fd7c7c74727ddcf00e9acd26bba8da604ffec95bf1c2144e67aff7a8b50e6cef"
            ],
            "version": "==2019.9.11"
        },
        "chardet": {
            "hashes": [
                "sha256:84ab92ed1c4d4f16916e05906b6b75a6c0fb5db821cc65e70cbd64a3e2a5eaae",
                "sha256:fc323ffcaeaed0e0a02bf4d117757b98aed530d9ed4531e3e15460124c106691"
            ],
            "version": "==3.0.4"
        },
        "codecov": {
            "hashes": [
                "sha256:8ed8b7c6791010d359baed66f84f061bba5bd41174bf324c31311e8737602788",
                "sha256:ae00d68e18d8a20e9c3288ba3875ae03db3a8e892115bf9b83ef20507732bed4"
            ],
            "index": "pypi",
            "version": "==2.0.15"
        },
        "coverage": {
            "hashes": [
                "sha256:08907593569fe59baca0bf152c43f3863201efb6113ecb38ce7e97ce339805a6",
                "sha256:0be0f1ed45fc0c185cfd4ecc19a1d6532d72f86a2bac9de7e24541febad72650",
                "sha256:141f08ed3c4b1847015e2cd62ec06d35e67a3ac185c26f7635f4406b90afa9c5",
                "sha256:19e4df788a0581238e9390c85a7a09af39c7b539b29f25c89209e6c3e371270d",
                "sha256:23cc09ed395b03424d1ae30dcc292615c1372bfba7141eb85e11e50efaa6b351",
                "sha256:245388cda02af78276b479f299bbf3783ef0a6a6273037d7c60dc73b8d8d7755",
                "sha256:331cb5115673a20fb131dadd22f5bcaf7677ef758741312bee4937d71a14b2ef",
                "sha256:386e2e4090f0bc5df274e720105c342263423e77ee8826002dcffe0c9533dbca",
                "sha256:3a794ce50daee01c74a494919d5ebdc23d58873747fa0e288318728533a3e1ca",
                "sha256:60851187677b24c6085248f0a0b9b98d49cba7ecc7ec60ba6b9d2e5574ac1ee9",
                "sha256:63a9a5fc43b58735f65ed63d2cf43508f462dc49857da70b8980ad78d41d52fc",
                "sha256:6b62544bb68106e3f00b21c8930e83e584fdca005d4fffd29bb39fb3ffa03cb5",
                "sha256:6ba744056423ef8d450cf627289166da65903885272055fb4b5e113137cfa14f",
                "sha256:7494b0b0274c5072bddbfd5b4a6c6f18fbbe1ab1d22a41e99cd2d00c8f96ecfe",
                "sha256:826f32b9547c8091679ff292a82aca9c7b9650f9fda3e2ca6bf2ac905b7ce888",
                "sha256:93715dffbcd0678057f947f496484e906bf9509f5c1c38fc9ba3922893cda5f5",
                "sha256:9a334d6c83dfeadae576b4d633a71620d40d1c379129d587faa42ee3e2a85cce",
                "sha256:af7ed8a8aa6957aac47b4268631fa1df984643f07ef00acd374e456364b373f5",
                "sha256:bf0a7aed7f5521c7ca67febd57db473af4762b9622254291fbcbb8cd0ba5e33e",
                "sha256:bf1ef9eb901113a9805287e090452c05547578eaab1b62e4ad456fcc049a9b7e",
                "sha256:c0afd27bc0e307a1ffc04ca5ec010a290e49e3afbe841c5cafc5c5a80ecd81c9",
                "sha256:dd579709a87092c6dbee09d1b7cfa81831040705ffa12a1b248935274aee0437",
                "sha256:df6712284b2e44a065097846488f66840445eb987eb81b3cc6e4149e7b6982e1",
                "sha256:e07d9f1a23e9e93ab5c62902833bf3e4b1f65502927379148b6622686223125c",
                "sha256:e2ede7c1d45e65e209d6093b762e98e8318ddeff95317d07a27a2140b80cfd24",
                "sha256:e4ef9c164eb55123c62411f5936b5c2e521b12356037b6e1c2617cef45523d47",
                "sha256:eca2b7343524e7ba246cab8ff00cab47a2d6d54ada3b02772e908a45675722e2",
                "sha256:eee64c616adeff7db37cc37da4180a3a5b6177f5c46b187894e633f088fb5b28",
                "sha256:ef824cad1f980d27f26166f86856efe11eff9912c4fed97d3804820d43fa550c",
                "sha256:efc89291bd5a08855829a3c522df16d856455297cf35ae827a37edac45f466a7",
                "sha256:fa964bae817babece5aa2e8c1af841bebb6d0b9add8e637548809d040443fee0",
                "sha256:ff37757e068ae606659c28c3bd0d923f9d29a85de79bf25b2b34b148473b5025"
            ],
            "version": "==4.5.4"
        },
        "django": {
            "hashes": [
                "sha256:4025317ca01f75fc79250ff7262a06d8ba97cd4f82e93394b2a0a6a4a925caeb",
                "sha256:a8ca1033acac9f33995eb2209a6bf18a4681c3e5269a878e9a7e0b7384ed1ca3"
            ],
            "index": "pypi",
            "version": "==2.2.6"
        },
        "django-debug-toolbar": {
            "hashes": [
                "sha256:17c53cd6bf4e7d69902aedf9a1d26c5d3b7369b54c5718744704f27b5a72f35d",
                "sha256:9a23ada2e43cd989195db3c18710b5d7451134a0d48127ab64c1d2ad81700342"
            ],
            "index": "pypi",
            "version": "==2.0"
        },
        "factory-boy": {
            "hashes": [
                "sha256:728df59b372c9588b83153facf26d3d28947fc750e8e3c95cefa9bed0e6394ee",
                "sha256:faf48d608a1735f0d0a3c9cbf536d64f9132b547dae7ba452c4d99a79e84a370"
            ],
            "index": "pypi",
            "version": "==2.12.0"
        },
        "faker": {
            "hashes": [
                "sha256:45cc9cca3de8beba5a2da3bd82a6e5544f53da1a702645c8485f682366c15026",
                "sha256:a6459ff518d1fc6ee2238a7209e6c899517872c7e1115510279033ffe6fe8ef3"
            ],
            "version": "==2.0.2"
        },
        "idna": {
            "hashes": [
                "sha256:c357b3f628cf53ae2c4c05627ecc484553142ca23264e593d327bcde5e9c3407",
                "sha256:ea8b7f6188e6fa117537c3df7da9fc686d485087abf6ac197f9c46432f7e4a3c"
            ],
            "version": "==2.8"
        },
        "importlib-metadata": {
            "hashes": [
                "sha256:aa18d7378b00b40847790e7c27e11673d7fed219354109d0e7b9e5b25dc3ad26",
                "sha256:d5f18a79777f3aa179c145737780282e27b508fc8fd688cb17c7a813e8bd39af"
            ],
            "markers": "python_version < '3.8'",
            "version": "==0.23"
        },
        "more-itertools": {
            "hashes": [
                "sha256:409cd48d4db7052af495b09dec721011634af3753ae1ef92d2b32f73a745f832",
                "sha256:92b8c4b06dac4f0611c0729b2f2ede52b2e1bac1ab48f089c7ddc12e26bb60c4"
            ],
            "version": "==7.2.0"
        },
        "packaging": {
            "hashes": [
                "sha256:28b924174df7a2fa32c1953825ff29c61e2f5e082343165438812f00d3a7fc47",
                "sha256:d9551545c6d761f3def1677baf08ab2a3ca17c56879e70fecba2fc4dde4ed108"
            ],
            "version": "==19.2"
        },
        "pluggy": {
            "hashes": [
                "sha256:0db4b7601aae1d35b4a033282da476845aa19185c1e6964b25cf324b5e4ec3e6",
                "sha256:fa5fa1622fa6dd5c030e9cad086fa19ef6a0cf6d7a2d12318e10cb49d6d68f34"
            ],
            "version": "==0.13.0"
        },
        "py": {
            "hashes": [
                "sha256:64f65755aee5b381cea27766a3a147c3f15b9b6b9ac88676de66ba2ae36793fa",
                "sha256:dc639b046a6e2cff5bbe40194ad65936d6ba360b52b3c3fe1d08a82dd50b5e53"
            ],
            "version": "==1.8.0"
        },
        "pyparsing": {
            "hashes": [
                "sha256:6f98a7b9397e206d78cc01df10131398f1c8b8510a2f4d97d9abd82e1aacdd80",
                "sha256:d9338df12903bbf5d65a0e4e87c2161968b10d2e489652bb47001d82a9b028b4"
            ],
            "version": "==2.4.2"
        },
        "pytest": {
            "hashes": [
                "sha256:13c1c9b22127a77fc684eee24791efafcef343335d855e3573791c68588fe1a5",
                "sha256:d8ba7be9466f55ef96ba203fc0f90d0cf212f2f927e69186e1353e30bc7f62e5"
            ],
            "index": "pypi",
            "version": "==5.2.0"
        },
        "pytest-django": {
            "hashes": [
                "sha256:264fb4c506db5d48a6364c311a0b00b7b48a52715bad8839b2d8bee9b99ed6bb",
                "sha256:4adfe5fb3ed47f0ba55506dd3daf688b1f74d5e69148c10ad2dd2f79f40c0d62"
            ],
            "index": "pypi",
            "version": "==3.5.1"
        },
        "pytest-sugar": {
            "hashes": [
                "sha256:26cf8289fe10880cbbc130bd77398c4e6a8b936d8393b116a5c16121d95ab283",
                "sha256:fcd87a74b2bce5386d244b49ad60549bfbc4602527797fac167da147983f58ab"
            ],
            "index": "pypi",
            "version": "==0.9.2"
        },
        "python-dateutil": {
            "hashes": [
                "sha256:7e6584c74aeed623791615e26efd690f29817a27c73085b78e4bad02493df2fb",
                "sha256:c89805f6f4d64db21ed966fda138f8a5ed7a4fdbc1a8ee329ce1b74e3c74da9e"
            ],
            "markers": "python_version >= '2.7'",
            "version": "==2.8.0"
        },
        "pytz": {
            "hashes": [
                "sha256:26c0b32e437e54a18161324a2fca3c4b9846b74a8dccddd843113109e1116b32",
                "sha256:c894d57500a4cd2d5c71114aaab77dbab5eabd9022308ce5ac9bb93a60a6f0c7"
            ],
            "version": "==2019.2"
        },
        "requests": {
            "hashes": [
                "sha256:11e007a8a2aa0323f5a921e9e6a2d7e4e67d9877e85773fba9ba6419025cbeb4",
                "sha256:9cf5292fcd0f598c671cfc1e0d7d1a7f13bb8085e9a590f48c010551dc6c4b31"
            ],
            "version": "==2.22.0"
        },
        "six": {
            "hashes": [
                "sha256:3350809f0555b11f552448330d0b52d5f24c91a322ea4a15ef22629740f3761c",
                "sha256:d16a0141ec1a18405cd4ce8b4613101da75da0e9a7aec5bdd4fa804d0e0eba73"
            ],
            "version": "==1.12.0"
        },
        "sqlparse": {
            "hashes": [
                "sha256:40afe6b8d4b1117e7dff5504d7a8ce07d9a1b15aeeade8a2d10f130a834f8177",
                "sha256:7c3dca29c022744e95b547e867cee89f4fce4373f3549ccd8797d8eb52cdb873"
            ],
            "version": "==0.3.0"
        },
        "termcolor": {
            "hashes": [
                "sha256:1d6d69ce66211143803fbc56652b41d73b4a400a2891d7bf7a1cdf4c02de613b"
            ],
            "version": "==1.1.0"
        },
        "text-unidecode": {
            "hashes": [
                "sha256:1311f10e8b895935241623731c2ba64f4c455287888b18189350b67134a822e8",
                "sha256:bad6603bb14d279193107714b288be206cac565dfa49aa5b105294dd5c4aab93"
            ],
            "version": "==1.3"
        },
        "urllib3": {
            "hashes": [
                "sha256:3de946ffbed6e6746608990594d08faac602528ac7015ac28d33cee6a45b7398",
                "sha256:9a107b99a5393caf59c7aa3c1249c16e6879447533d0887f4336dde834c7be86"
            ],
            "markers": "python_version >= '3.4'",
            "version": "==1.25.6"
        },
        "wcwidth": {
            "hashes": [
                "sha256:3df37372226d6e63e1b1e1eda15c594bca98a22d33a23832a90998faa96bc65e",
                "sha256:f4ebe71925af7b40a864553f761ed559b43544f8f71746c2d756c7fe788ade7c"
            ],
            "version": "==0.1.7"
        },
        "zipp": {
            "hashes": [
                "sha256:3718b1cbcd963c7d4c5511a8240812904164b7f381b647143a89d3b98f9bcd8e",
                "sha256:f06903e9f1f43b12d371004b4ac7b06ab39a44adc747266928ae6debfa7b3335"
            ],
            "version": "==0.6.0"
        }
    }
}
